
Microsoft Visual Studio Solution File, Format Version 12.00
# Visual Studio 15
VisualStudioVersion = 15.0.27703.2026
MinimumVisualStudioVersion = 10.0.40219.1
Project("{9A19103F-16F7-4668-BE54-9A1E7A4F7556}") = "Switcheroo.ConfigurationReader.Json", "Switcheroo.ConfigurationReader.Json\Switcheroo.ConfigurationReader.Json.csproj", "{10D77DEA-9D99-40C1-8C23-0B7E6E6FE04D}"
EndProject
Project("{9A19103F-16F7-4668-BE54-9A1E7A4F7556}") = "Switcheroo.ConfigurationReader.Json.Test", "Switcheroo.ConfigurationReader.Json.Test\Switcheroo.ConfigurationReader.Json.Test.csproj", "{AE8F38E3-98C1-47E4-BD45-FD7829C01452}"
EndProject
Global
	GlobalSection(SolutionConfigurationPlatforms) = preSolution
		Debug|Any CPU = Debug|Any CPU
		Release|Any CPU = Release|Any CPU
	EndGlobalSection
	GlobalSection(ProjectConfigurationPlatforms) = postSolution
		{10D77DEA-9D99-40C1-8C23-0B7E6E6FE04D}.Debug|Any CPU.ActiveCfg = Debug|Any CPU
		{10D77DEA-9D99-40C1-8C23-0B7E6E6FE04D}.Debug|Any CPU.Build.0 = Debug|Any CPU
		{10D77DEA-9D99-40C1-8C23-0B7E6E6FE04D}.Release|Any CPU.ActiveCfg = Release|Any CPU
		{10D77DEA-9D99-40C1-8C23-0B7E6E6FE04D}.Release|Any CPU.Build.0 = Release|Any CPU
		{AE8F38E3-98C1-47E4-BD45-FD7829C01452}.Debug|Any CPU.ActiveCfg = Debug|Any CPU
		{AE8F38E3-98C1-47E4-BD45-FD7829C01452}.Debug|Any CPU.Build.0 = Debug|Any CPU
		{AE8F38E3-98C1-47E4-BD45-FD7829C01452}.Release|Any CPU.ActiveCfg = Release|Any CPU
		{AE8F38E3-98C1-47E4-BD45-FD7829C01452}.Release|Any CPU.Build.0 = Release|Any CPU
	EndGlobalSection
	GlobalSection(SolutionProperties) = preSolution
		HideSolutionNode = FALSE
	EndGlobalSection
	GlobalSection(ExtensibilityGlobals) = postSolution
		SolutionGuid = {35CC4535-BBD2-4FFC-9789-DF3A62B27658}
	EndGlobalSection
EndGlobal
